
Microsoft Visual Studio Solution File, Format Version 12.00
# Visual Studio 14
VisualStudioVersion = 14.0.25420.1
MinimumVisualStudioVersion = 10.0.40219.1
Project("{FAE04EC0-301F-11D3-BF4B-00C04F79EFBC}") = "Hotel", "Hotel\Hotel.csproj", "{3EC457C9-FDFA-463E-9118-C9E58C133C1E}"
EndProject
Project("{FAE04EC0-301F-11D3-BF4B-00C04F79EFBC}") = "Client3", "Client3\Client3.csproj", "{6323CBEF-3888-42DD-92B1-C1C58013C4CA}"
	ProjectSection(ProjectDependencies) = postProject
		{3EC457C9-FDFA-463E-9118-C9E58C133C1E} = {3EC457C9-FDFA-463E-9118-C9E58C133C1E}
	EndProjectSection
EndProject
Global
	GlobalSection(SolutionConfigurationPlatforms) = preSolution
		Debug|Any CPU = Debug|Any CPU
		Release|Any CPU = Release|Any CPU
	EndGlobalSection
	GlobalSection(ProjectConfigurationPlatforms) = postSolution
		{3EC457C9-FDFA-463E-9118-C9E58C133C1E}.Debug|Any CPU.ActiveCfg = Debug|Any CPU
		{3EC457C9-FDFA-463E-9118-C9E58C133C1E}.Debug|Any CPU.Build.0 = Debug|Any CPU
		{3EC457C9-FDFA-463E-9118-C9E58C133C1E}.Release|Any CPU.ActiveCfg = Release|Any CPU
		{3EC457C9-FDFA-463E-9118-C9E58C133C1E}.Release|Any CPU.Build.0 = Release|Any CPU
		{6323CBEF-3888-42DD-92B1-C1C58013C4CA}.Debug|Any CPU.ActiveCfg = Debug|Any CPU
		{6323CBEF-3888-42DD-92B1-C1C58013C4CA}.Debug|Any CPU.Build.0 = Debug|Any CPU
		{6323CBEF-3888-42DD-92B1-C1C58013C4CA}.Release|Any CPU.ActiveCfg = Release|Any CPU
		{6323CBEF-3888-42DD-92B1-C1C58013C4CA}.Release|Any CPU.Build.0 = Release|Any CPU
	EndGlobalSection
	GlobalSection(SolutionProperties) = preSolution
		HideSolutionNode = FALSE
	EndGlobalSection
EndGlobal
